<Solution>
  <Project Path="CarApiClean/CarApiClean.csproj" />
  <Project Path="CarList.Core/CarList.Core.csproj" />
  <Project Path="CarList.Domain/CarList.Domain.csproj" />
  <Project Path="CarList.Infrastucture/CarList.Infrastucture.csproj" />
  <Project Path="TestProject1/TestProject1.csproj" Id="8f20cb5a-30c1-49e1-b5e4-7ca75ae5155c" />
</Solution>
