<Solution>
  <Project Path="CarApiClean/CarApiClean.csproj" />
  <Project Path="CarList.Core/CarList.Core.csproj" />
  <Project Path="CarList.Domain/CarList.Domain.csproj" />
  <Project Path="CarList.Infrastucture/CarList.Infrastucture.csproj" />
  <Project Path="TestPersonneControllerGetById/TestPersonneControllerGetById.csproj" Id="d8b2d1c8-0f1e-4dc2-81c0-c3af95c2fae6" />
</Solution>
